
Microsoft Visual Studio Solution File, Format Version 12.00
# Visual Studio Version 17
VisualStudioVersion = 17.2.32616.157
MinimumVisualStudioVersion = 10.0.40219.1
Project("{9A19103F-16F7-4668-BE54-9A1E7A4F7556}") = "AllYourBase", "AllYourBase.csproj", "{52295343-2CFD-4428-95AC-9FEB52BBDA08}"
EndProject
Global
	GlobalSection(SolutionConfigurationPlatforms) = preSolution
		Debug|Any CPU = Debug|Any CPU
		Release|Any CPU = Release|Any CPU
	EndGlobalSection
	GlobalSection(ProjectConfigurationPlatforms) = postSolution
		{52295343-2CFD-4428-95AC-9FEB52BBDA08}.Debug|Any CPU.ActiveCfg = Debug|Any CPU
		{52295343-2CFD-4428-95AC-9FEB52BBDA08}.Debug|Any CPU.Build.0 = Debug|Any CPU
		{52295343-2CFD-4428-95AC-9FEB52BBDA08}.Release|Any CPU.ActiveCfg = Release|Any CPU
		{52295343-2CFD-4428-95AC-9FEB52BBDA08}.Release|Any CPU.Build.0 = Release|Any CPU
	EndGlobalSection
	GlobalSection(SolutionProperties) = preSolution
		HideSolutionNode = FALSE
	EndGlobalSection
	GlobalSection(ExtensibilityGlobals) = postSolution
		SolutionGuid = {805ED832-C14D-4BE0-85D4-657DD3E90A20}
	EndGlobalSection
EndGlobal
