
Microsoft Visual Studio Solution File, Format Version 12.00
# Visual Studio Version 17
VisualStudioVersion = 17.0.31919.166
MinimumVisualStudioVersion = 10.0.40219.1
Project("{9A19103F-16F7-4668-BE54-9A1E7A4F7556}") = "GradeSchool", "GradeSchool.csproj", "{CFD4ACC6-95D4-4BD7-BB48-802DA1579EF7}"
EndProject
Global
	GlobalSection(SolutionConfigurationPlatforms) = preSolution
		Debug|Any CPU = Debug|Any CPU
		Release|Any CPU = Release|Any CPU
	EndGlobalSection
	GlobalSection(ProjectConfigurationPlatforms) = postSolution
		{CFD4ACC6-95D4-4BD7-BB48-802DA1579EF7}.Debug|Any CPU.ActiveCfg = Debug|Any CPU
		{CFD4ACC6-95D4-4BD7-BB48-802DA1579EF7}.Debug|Any CPU.Build.0 = Debug|Any CPU
		{CFD4ACC6-95D4-4BD7-BB48-802DA1579EF7}.Release|Any CPU.ActiveCfg = Release|Any CPU
		{CFD4ACC6-95D4-4BD7-BB48-802DA1579EF7}.Release|Any CPU.Build.0 = Release|Any CPU
	EndGlobalSection
	GlobalSection(SolutionProperties) = preSolution
		HideSolutionNode = FALSE
	EndGlobalSection
	GlobalSection(ExtensibilityGlobals) = postSolution
		SolutionGuid = {FECA2E15-31D6-4A45-8D28-C1B71C7F6E01}
	EndGlobalSection
EndGlobal
