
Microsoft Visual Studio Solution File, Format Version 12.00
# Visual Studio Version 17
VisualStudioVersion = 17.0.31919.166
MinimumVisualStudioVersion = 10.0.40219.1
Project("{9A19103F-16F7-4668-BE54-9A1E7A4F7556}") = "Wordy", "Wordy.csproj", "{365323E0-8FCB-4C5E-817F-AFAC9B176301}"
EndProject
Global
	GlobalSection(SolutionConfigurationPlatforms) = preSolution
		Debug|Any CPU = Debug|Any CPU
		Release|Any CPU = Release|Any CPU
	EndGlobalSection
	GlobalSection(ProjectConfigurationPlatforms) = postSolution
		{365323E0-8FCB-4C5E-817F-AFAC9B176301}.Debug|Any CPU.ActiveCfg = Debug|Any CPU
		{365323E0-8FCB-4C5E-817F-AFAC9B176301}.Debug|Any CPU.Build.0 = Debug|Any CPU
		{365323E0-8FCB-4C5E-817F-AFAC9B176301}.Release|Any CPU.ActiveCfg = Release|Any CPU
		{365323E0-8FCB-4C5E-817F-AFAC9B176301}.Release|Any CPU.Build.0 = Release|Any CPU
	EndGlobalSection
	GlobalSection(SolutionProperties) = preSolution
		HideSolutionNode = FALSE
	EndGlobalSection
	GlobalSection(ExtensibilityGlobals) = postSolution
		SolutionGuid = {4D3F09DC-E9DB-446A-A5F1-6ED054DF0A63}
	EndGlobalSection
EndGlobal
