
Microsoft Visual Studio Solution File, Format Version 12.00
# Visual Studio Version 17
VisualStudioVersion = 17.2.32616.157
MinimumVisualStudioVersion = 10.0.40219.1
Project("{9A19103F-16F7-4668-BE54-9A1E7A4F7556}") = "LandGrabInSpace", "LandGrabInSpace.csproj", "{69CF9A39-D7D8-483E-B933-C758BAD7A24C}"
EndProject
Global
	GlobalSection(SolutionConfigurationPlatforms) = preSolution
		Debug|Any CPU = Debug|Any CPU
		Release|Any CPU = Release|Any CPU
	EndGlobalSection
	GlobalSection(ProjectConfigurationPlatforms) = postSolution
		{69CF9A39-D7D8-483E-B933-C758BAD7A24C}.Debug|Any CPU.ActiveCfg = Debug|Any CPU
		{69CF9A39-D7D8-483E-B933-C758BAD7A24C}.Debug|Any CPU.Build.0 = Debug|Any CPU
		{69CF9A39-D7D8-483E-B933-C758BAD7A24C}.Release|Any CPU.ActiveCfg = Release|Any CPU
		{69CF9A39-D7D8-483E-B933-C758BAD7A24C}.Release|Any CPU.Build.0 = Release|Any CPU
	EndGlobalSection
	GlobalSection(SolutionProperties) = preSolution
		HideSolutionNode = FALSE
	EndGlobalSection
	GlobalSection(ExtensibilityGlobals) = postSolution
		SolutionGuid = {01A6B0CC-42C5-43DE-A7CE-36DBCBEC3E21}
	EndGlobalSection
EndGlobal
