
Microsoft Visual Studio Solution File, Format Version 12.00
# Visual Studio Version 17
VisualStudioVersion = 17.8.34408.163
MinimumVisualStudioVersion = 10.0.40219.1
Project("{9A19103F-16F7-4668-BE54-9A1E7A4F7556}") = "Zipper", "Zipper.csproj", "{953672D5-1FD0-4EDF-B85B-A34533430FC6}"
EndProject
Global
	GlobalSection(SolutionConfigurationPlatforms) = preSolution
		Debug|Any CPU = Debug|Any CPU
		Release|Any CPU = Release|Any CPU
	EndGlobalSection
	GlobalSection(ProjectConfigurationPlatforms) = postSolution
		{953672D5-1FD0-4EDF-B85B-A34533430FC6}.Debug|Any CPU.ActiveCfg = Debug|Any CPU
		{953672D5-1FD0-4EDF-B85B-A34533430FC6}.Debug|Any CPU.Build.0 = Debug|Any CPU
		{953672D5-1FD0-4EDF-B85B-A34533430FC6}.Release|Any CPU.ActiveCfg = Release|Any CPU
		{953672D5-1FD0-4EDF-B85B-A34533430FC6}.Release|Any CPU.Build.0 = Release|Any CPU
	EndGlobalSection
	GlobalSection(SolutionProperties) = preSolution
		HideSolutionNode = FALSE
	EndGlobalSection
	GlobalSection(ExtensibilityGlobals) = postSolution
		SolutionGuid = {35888864-63E8-44F8-AC9B-8F3B4050216E}
	EndGlobalSection
EndGlobal
