
Microsoft Visual Studio Solution File, Format Version 12.00
# Visual Studio Version 17
VisualStudioVersion = 17.2.32616.157
MinimumVisualStudioVersion = 10.0.40219.1
Project("{9A19103F-16F7-4668-BE54-9A1E7A4F7556}") = "KindergartenGarden", "KindergartenGarden.csproj", "{BE2197F6-F625-4908-957D-F5617FCC90B9}"
EndProject
Global
	GlobalSection(SolutionConfigurationPlatforms) = preSolution
		Debug|Any CPU = Debug|Any CPU
		Release|Any CPU = Release|Any CPU
	EndGlobalSection
	GlobalSection(ProjectConfigurationPlatforms) = postSolution
		{BE2197F6-F625-4908-957D-F5617FCC90B9}.Debug|Any CPU.ActiveCfg = Debug|Any CPU
		{BE2197F6-F625-4908-957D-F5617FCC90B9}.Debug|Any CPU.Build.0 = Debug|Any CPU
		{BE2197F6-F625-4908-957D-F5617FCC90B9}.Release|Any CPU.ActiveCfg = Release|Any CPU
		{BE2197F6-F625-4908-957D-F5617FCC90B9}.Release|Any CPU.Build.0 = Release|Any CPU
	EndGlobalSection
	GlobalSection(SolutionProperties) = preSolution
		HideSolutionNode = FALSE
	EndGlobalSection
	GlobalSection(ExtensibilityGlobals) = postSolution
		SolutionGuid = {BC94A1D2-9A3D-431B-B1B7-8DC7AE9248AD}
	EndGlobalSection
EndGlobal
