
Microsoft Visual Studio Solution File, Format Version 12.00
# Visual Studio Version 17
VisualStudioVersion = 17.2.32616.157
MinimumVisualStudioVersion = 10.0.40219.1
Project("{9A19103F-16F7-4668-BE54-9A1E7A4F7556}") = "HyperinflationHitsHyperia", "HyperinflationHitsHyperia.csproj", "{BB939F4A-6EE3-4633-913B-0E356EE8E1E5}"
EndProject
Global
	GlobalSection(SolutionConfigurationPlatforms) = preSolution
		Debug|Any CPU = Debug|Any CPU
		Release|Any CPU = Release|Any CPU
	EndGlobalSection
	GlobalSection(ProjectConfigurationPlatforms) = postSolution
		{BB939F4A-6EE3-4633-913B-0E356EE8E1E5}.Debug|Any CPU.ActiveCfg = Debug|Any CPU
		{BB939F4A-6EE3-4633-913B-0E356EE8E1E5}.Debug|Any CPU.Build.0 = Debug|Any CPU
		{BB939F4A-6EE3-4633-913B-0E356EE8E1E5}.Release|Any CPU.ActiveCfg = Release|Any CPU
		{BB939F4A-6EE3-4633-913B-0E356EE8E1E5}.Release|Any CPU.Build.0 = Release|Any CPU
	EndGlobalSection
	GlobalSection(SolutionProperties) = preSolution
		HideSolutionNode = FALSE
	EndGlobalSection
	GlobalSection(ExtensibilityGlobals) = postSolution
		SolutionGuid = {079B3604-0A01-4C8F-916E-09E3866E2661}
	EndGlobalSection
EndGlobal
