
Microsoft Visual Studio Solution File, Format Version 12.00
# Visual Studio Version 17
VisualStudioVersion = 17.0.31919.166
MinimumVisualStudioVersion = 10.0.40219.1
Project("{9A19103F-16F7-4668-BE54-9A1E7A4F7556}") = "ComplexNumbers", "ComplexNumbers.csproj", "{550A111B-66B7-44D1-91E6-B34E90DC9772}"
EndProject
Global
	GlobalSection(SolutionConfigurationPlatforms) = preSolution
		Debug|Any CPU = Debug|Any CPU
		Release|Any CPU = Release|Any CPU
	EndGlobalSection
	GlobalSection(ProjectConfigurationPlatforms) = postSolution
		{550A111B-66B7-44D1-91E6-B34E90DC9772}.Debug|Any CPU.ActiveCfg = Debug|Any CPU
		{550A111B-66B7-44D1-91E6-B34E90DC9772}.Debug|Any CPU.Build.0 = Debug|Any CPU
		{550A111B-66B7-44D1-91E6-B34E90DC9772}.Release|Any CPU.ActiveCfg = Release|Any CPU
		{550A111B-66B7-44D1-91E6-B34E90DC9772}.Release|Any CPU.Build.0 = Release|Any CPU
	EndGlobalSection
	GlobalSection(SolutionProperties) = preSolution
		HideSolutionNode = FALSE
	EndGlobalSection
	GlobalSection(ExtensibilityGlobals) = postSolution
		SolutionGuid = {0F2B6E7F-4B8D-477E-A084-006E7F552B7F}
	EndGlobalSection
EndGlobal
