
Microsoft Visual Studio Solution File, Format Version 12.00
# Visual Studio Version 17
VisualStudioVersion = 17.2.32616.157
MinimumVisualStudioVersion = 10.0.40219.1
Project("{9A19103F-16F7-4668-BE54-9A1E7A4F7556}") = "ProteinTranslation", "ProteinTranslation.csproj", "{E74DD82E-EBF9-4835-841F-7C8FDFA9A8D3}"
EndProject
Global
	GlobalSection(SolutionConfigurationPlatforms) = preSolution
		Debug|Any CPU = Debug|Any CPU
		Release|Any CPU = Release|Any CPU
	EndGlobalSection
	GlobalSection(ProjectConfigurationPlatforms) = postSolution
		{E74DD82E-EBF9-4835-841F-7C8FDFA9A8D3}.Debug|Any CPU.ActiveCfg = Debug|Any CPU
		{E74DD82E-EBF9-4835-841F-7C8FDFA9A8D3}.Debug|Any CPU.Build.0 = Debug|Any CPU
		{E74DD82E-EBF9-4835-841F-7C8FDFA9A8D3}.Release|Any CPU.ActiveCfg = Release|Any CPU
		{E74DD82E-EBF9-4835-841F-7C8FDFA9A8D3}.Release|Any CPU.Build.0 = Release|Any CPU
	EndGlobalSection
	GlobalSection(SolutionProperties) = preSolution
		HideSolutionNode = FALSE
	EndGlobalSection
	GlobalSection(ExtensibilityGlobals) = postSolution
		SolutionGuid = {8F7962E0-9DA5-46CC-A948-F2387C9CF7B7}
	EndGlobalSection
EndGlobal
