
Microsoft Visual Studio Solution File, Format Version 12.00
# Visual Studio Version 17
VisualStudioVersion = 17.2.32616.157
MinimumVisualStudioVersion = 10.0.40219.1
Project("{9A19103F-16F7-4668-BE54-9A1E7A4F7556}") = "RomanNumerals", "RomanNumerals.csproj", "{ABCDF6CD-FD96-4967-888E-8B8A9704523E}"
EndProject
Global
	GlobalSection(SolutionConfigurationPlatforms) = preSolution
		Debug|Any CPU = Debug|Any CPU
		Release|Any CPU = Release|Any CPU
	EndGlobalSection
	GlobalSection(ProjectConfigurationPlatforms) = postSolution
		{ABCDF6CD-FD96-4967-888E-8B8A9704523E}.Debug|Any CPU.ActiveCfg = Debug|Any CPU
		{ABCDF6CD-FD96-4967-888E-8B8A9704523E}.Debug|Any CPU.Build.0 = Debug|Any CPU
		{ABCDF6CD-FD96-4967-888E-8B8A9704523E}.Release|Any CPU.ActiveCfg = Release|Any CPU
		{ABCDF6CD-FD96-4967-888E-8B8A9704523E}.Release|Any CPU.Build.0 = Release|Any CPU
	EndGlobalSection
	GlobalSection(SolutionProperties) = preSolution
		HideSolutionNode = FALSE
	EndGlobalSection
	GlobalSection(ExtensibilityGlobals) = postSolution
		SolutionGuid = {EF3F65A3-1CE1-41C3-B467-F34CEFB43F03}
	EndGlobalSection
EndGlobal
