
Microsoft Visual Studio Solution File, Format Version 12.00
# Visual Studio Version 17
VisualStudioVersion = 17.4.33103.184
MinimumVisualStudioVersion = 10.0.40219.1
Project("{9A19103F-16F7-4668-BE54-9A1E7A4F7556}") = "ErrorHandling", "ErrorHandling.csproj", "{A3B8D0B9-5701-4681-8F55-5774A797333D}"
EndProject
Global
	GlobalSection(SolutionConfigurationPlatforms) = preSolution
		Debug|Any CPU = Debug|Any CPU
		Release|Any CPU = Release|Any CPU
	EndGlobalSection
	GlobalSection(ProjectConfigurationPlatforms) = postSolution
		{A3B8D0B9-5701-4681-8F55-5774A797333D}.Debug|Any CPU.ActiveCfg = Debug|Any CPU
		{A3B8D0B9-5701-4681-8F55-5774A797333D}.Debug|Any CPU.Build.0 = Debug|Any CPU
		{A3B8D0B9-5701-4681-8F55-5774A797333D}.Release|Any CPU.ActiveCfg = Release|Any CPU
		{A3B8D0B9-5701-4681-8F55-5774A797333D}.Release|Any CPU.Build.0 = Release|Any CPU
	EndGlobalSection
	GlobalSection(SolutionProperties) = preSolution
		HideSolutionNode = FALSE
	EndGlobalSection
	GlobalSection(ExtensibilityGlobals) = postSolution
		SolutionGuid = {0BF50604-C897-4793-8638-5408A9F31DCB}
	EndGlobalSection
EndGlobal
