
Microsoft Visual Studio Solution File, Format Version 12.00
# Visual Studio Version 17
VisualStudioVersion = 17.0.31919.166
MinimumVisualStudioVersion = 10.0.40219.1
Project("{9A19103F-16F7-4668-BE54-9A1E7A4F7556}") = "BinarySearchTree", "BinarySearchTree.csproj", "{31308747-073F-401B-8B82-AD94B3E1107F}"
EndProject
Global
	GlobalSection(SolutionConfigurationPlatforms) = preSolution
		Debug|Any CPU = Debug|Any CPU
		Release|Any CPU = Release|Any CPU
	EndGlobalSection
	GlobalSection(ProjectConfigurationPlatforms) = postSolution
		{31308747-073F-401B-8B82-AD94B3E1107F}.Debug|Any CPU.ActiveCfg = Debug|Any CPU
		{31308747-073F-401B-8B82-AD94B3E1107F}.Debug|Any CPU.Build.0 = Debug|Any CPU
		{31308747-073F-401B-8B82-AD94B3E1107F}.Release|Any CPU.ActiveCfg = Release|Any CPU
		{31308747-073F-401B-8B82-AD94B3E1107F}.Release|Any CPU.Build.0 = Release|Any CPU
	EndGlobalSection
	GlobalSection(SolutionProperties) = preSolution
		HideSolutionNode = FALSE
	EndGlobalSection
	GlobalSection(ExtensibilityGlobals) = postSolution
		SolutionGuid = {CEFC35F3-35B6-4551-8929-F81BDF582A46}
	EndGlobalSection
EndGlobal
