
Microsoft Visual Studio Solution File, Format Version 12.00
# Visual Studio Version 17
VisualStudioVersion = 17.2.32616.157
MinimumVisualStudioVersion = 10.0.40219.1
Project("{9A19103F-16F7-4668-BE54-9A1E7A4F7556}") = "WeighingMachine", "WeighingMachine.csproj", "{60E5B148-3BB6-4741-B8FF-C9D51FE8921A}"
EndProject
Global
	GlobalSection(SolutionConfigurationPlatforms) = preSolution
		Debug|Any CPU = Debug|Any CPU
		Release|Any CPU = Release|Any CPU
	EndGlobalSection
	GlobalSection(ProjectConfigurationPlatforms) = postSolution
		{60E5B148-3BB6-4741-B8FF-C9D51FE8921A}.Debug|Any CPU.ActiveCfg = Debug|Any CPU
		{60E5B148-3BB6-4741-B8FF-C9D51FE8921A}.Debug|Any CPU.Build.0 = Debug|Any CPU
		{60E5B148-3BB6-4741-B8FF-C9D51FE8921A}.Release|Any CPU.ActiveCfg = Release|Any CPU
		{60E5B148-3BB6-4741-B8FF-C9D51FE8921A}.Release|Any CPU.Build.0 = Release|Any CPU
	EndGlobalSection
	GlobalSection(SolutionProperties) = preSolution
		HideSolutionNode = FALSE
	EndGlobalSection
	GlobalSection(ExtensibilityGlobals) = postSolution
		SolutionGuid = {6B386FA6-5BA7-4155-899D-AD3BBB898E04}
	EndGlobalSection
EndGlobal
