
Microsoft Visual Studio Solution File, Format Version 12.00
# Visual Studio Version 17
VisualStudioVersion = 17.2.32616.157
MinimumVisualStudioVersion = 10.0.40219.1
Project("{9A19103F-16F7-4668-BE54-9A1E7A4F7556}") = "MatchingBrackets", "MatchingBrackets.csproj", "{36A353FA-9E70-4DC2-BACC-E7D01A7362D3}"
EndProject
Global
	GlobalSection(SolutionConfigurationPlatforms) = preSolution
		Debug|Any CPU = Debug|Any CPU
		Release|Any CPU = Release|Any CPU
	EndGlobalSection
	GlobalSection(ProjectConfigurationPlatforms) = postSolution
		{36A353FA-9E70-4DC2-BACC-E7D01A7362D3}.Debug|Any CPU.ActiveCfg = Debug|Any CPU
		{36A353FA-9E70-4DC2-BACC-E7D01A7362D3}.Debug|Any CPU.Build.0 = Debug|Any CPU
		{36A353FA-9E70-4DC2-BACC-E7D01A7362D3}.Release|Any CPU.ActiveCfg = Release|Any CPU
		{36A353FA-9E70-4DC2-BACC-E7D01A7362D3}.Release|Any CPU.Build.0 = Release|Any CPU
	EndGlobalSection
	GlobalSection(SolutionProperties) = preSolution
		HideSolutionNode = FALSE
	EndGlobalSection
	GlobalSection(ExtensibilityGlobals) = postSolution
		SolutionGuid = {EE53D22C-02AB-477C-986B-4F744BE38C2B}
	EndGlobalSection
EndGlobal
