
Microsoft Visual Studio Solution File, Format Version 12.00
# Visual Studio Version 17
VisualStudioVersion = 17.0.31919.166
MinimumVisualStudioVersion = 10.0.40219.1
Project("{9A19103F-16F7-4668-BE54-9A1E7A4F7556}") = "CircularBuffer", "CircularBuffer.csproj", "{4CAD9493-F9AC-47FC-8EB2-B67FDE711B00}"
EndProject
Global
	GlobalSection(SolutionConfigurationPlatforms) = preSolution
		Debug|Any CPU = Debug|Any CPU
		Release|Any CPU = Release|Any CPU
	EndGlobalSection
	GlobalSection(ProjectConfigurationPlatforms) = postSolution
		{4CAD9493-F9AC-47FC-8EB2-B67FDE711B00}.Debug|Any CPU.ActiveCfg = Debug|Any CPU
		{4CAD9493-F9AC-47FC-8EB2-B67FDE711B00}.Debug|Any CPU.Build.0 = Debug|Any CPU
		{4CAD9493-F9AC-47FC-8EB2-B67FDE711B00}.Release|Any CPU.ActiveCfg = Release|Any CPU
		{4CAD9493-F9AC-47FC-8EB2-B67FDE711B00}.Release|Any CPU.Build.0 = Release|Any CPU
	EndGlobalSection
	GlobalSection(SolutionProperties) = preSolution
		HideSolutionNode = FALSE
	EndGlobalSection
	GlobalSection(ExtensibilityGlobals) = postSolution
		SolutionGuid = {70B02785-36CF-4BF3-9249-307AE2F58A1F}
	EndGlobalSection
EndGlobal
