
Microsoft Visual Studio Solution File, Format Version 12.00
# Visual Studio Version 17
VisualStudioVersion = 17.0.31919.166
MinimumVisualStudioVersion = 10.0.40219.1
Project("{9A19103F-16F7-4668-BE54-9A1E7A4F7556}") = "Raindrops", "Raindrops.csproj", "{B97BF805-4523-4EF1-B88B-51A6DABC12A7}"
EndProject
Global
	GlobalSection(SolutionConfigurationPlatforms) = preSolution
		Debug|Any CPU = Debug|Any CPU
		Release|Any CPU = Release|Any CPU
	EndGlobalSection
	GlobalSection(ProjectConfigurationPlatforms) = postSolution
		{B97BF805-4523-4EF1-B88B-51A6DABC12A7}.Debug|Any CPU.ActiveCfg = Debug|Any CPU
		{B97BF805-4523-4EF1-B88B-51A6DABC12A7}.Debug|Any CPU.Build.0 = Debug|Any CPU
		{B97BF805-4523-4EF1-B88B-51A6DABC12A7}.Release|Any CPU.ActiveCfg = Release|Any CPU
		{B97BF805-4523-4EF1-B88B-51A6DABC12A7}.Release|Any CPU.Build.0 = Release|Any CPU
	EndGlobalSection
	GlobalSection(SolutionProperties) = preSolution
		HideSolutionNode = FALSE
	EndGlobalSection
	GlobalSection(ExtensibilityGlobals) = postSolution
		SolutionGuid = {BF6145B3-BD86-48F8-98BD-361463F3E032}
	EndGlobalSection
EndGlobal
