
Microsoft Visual Studio Solution File, Format Version 12.00
# Visual Studio Version 17
VisualStudioVersion = 17.0.31919.166
MinimumVisualStudioVersion = 10.0.40219.1
Project("{9A19103F-16F7-4668-BE54-9A1E7A4F7556}") = "HighScores", "HighScores.csproj", "{1224E096-275C-4A16-A9F2-14BCF0053FAE}"
EndProject
Global
	GlobalSection(SolutionConfigurationPlatforms) = preSolution
		Debug|Any CPU = Debug|Any CPU
		Release|Any CPU = Release|Any CPU
	EndGlobalSection
	GlobalSection(ProjectConfigurationPlatforms) = postSolution
		{1224E096-275C-4A16-A9F2-14BCF0053FAE}.Debug|Any CPU.ActiveCfg = Debug|Any CPU
		{1224E096-275C-4A16-A9F2-14BCF0053FAE}.Debug|Any CPU.Build.0 = Debug|Any CPU
		{1224E096-275C-4A16-A9F2-14BCF0053FAE}.Release|Any CPU.ActiveCfg = Release|Any CPU
		{1224E096-275C-4A16-A9F2-14BCF0053FAE}.Release|Any CPU.Build.0 = Release|Any CPU
	EndGlobalSection
	GlobalSection(SolutionProperties) = preSolution
		HideSolutionNode = FALSE
	EndGlobalSection
	GlobalSection(ExtensibilityGlobals) = postSolution
		SolutionGuid = {5CDFD1A5-04E8-4E51-A34A-52F26C75CE4F}
	EndGlobalSection
EndGlobal
