
Microsoft Visual Studio Solution File, Format Version 12.00
# Visual Studio Version 17
VisualStudioVersion = 17.4.33103.184
MinimumVisualStudioVersion = 10.0.40219.1
Project("{9A19103F-16F7-4668-BE54-9A1E7A4F7556}") = "IsbnVerifier", "IsbnVerifier.csproj", "{4754FBBA-B151-4910-90D8-97DB5DCA9AB2}"
EndProject
Global
	GlobalSection(SolutionConfigurationPlatforms) = preSolution
		Debug|Any CPU = Debug|Any CPU
		Release|Any CPU = Release|Any CPU
	EndGlobalSection
	GlobalSection(ProjectConfigurationPlatforms) = postSolution
		{4754FBBA-B151-4910-90D8-97DB5DCA9AB2}.Debug|Any CPU.ActiveCfg = Debug|Any CPU
		{4754FBBA-B151-4910-90D8-97DB5DCA9AB2}.Debug|Any CPU.Build.0 = Debug|Any CPU
		{4754FBBA-B151-4910-90D8-97DB5DCA9AB2}.Release|Any CPU.ActiveCfg = Release|Any CPU
		{4754FBBA-B151-4910-90D8-97DB5DCA9AB2}.Release|Any CPU.Build.0 = Release|Any CPU
	EndGlobalSection
	GlobalSection(SolutionProperties) = preSolution
		HideSolutionNode = FALSE
	EndGlobalSection
	GlobalSection(ExtensibilityGlobals) = postSolution
		SolutionGuid = {58F05546-F815-4F23-8607-5FCCED8641F1}
	EndGlobalSection
EndGlobal
