
Microsoft Visual Studio Solution File, Format Version 12.00
# Visual Studio Version 17
VisualStudioVersion = 17.2.32616.157
MinimumVisualStudioVersion = 10.0.40219.1
Project("{9A19103F-16F7-4668-BE54-9A1E7A4F7556}") = "Pangram", "Pangram.csproj", "{3C2508C2-AF86-4F40-8CBE-BF6860DCA2AE}"
EndProject
Global
	GlobalSection(SolutionConfigurationPlatforms) = preSolution
		Debug|Any CPU = Debug|Any CPU
		Release|Any CPU = Release|Any CPU
	EndGlobalSection
	GlobalSection(ProjectConfigurationPlatforms) = postSolution
		{3C2508C2-AF86-4F40-8CBE-BF6860DCA2AE}.Debug|Any CPU.ActiveCfg = Debug|Any CPU
		{3C2508C2-AF86-4F40-8CBE-BF6860DCA2AE}.Debug|Any CPU.Build.0 = Debug|Any CPU
		{3C2508C2-AF86-4F40-8CBE-BF6860DCA2AE}.Release|Any CPU.ActiveCfg = Release|Any CPU
		{3C2508C2-AF86-4F40-8CBE-BF6860DCA2AE}.Release|Any CPU.Build.0 = Release|Any CPU
	EndGlobalSection
	GlobalSection(SolutionProperties) = preSolution
		HideSolutionNode = FALSE
	EndGlobalSection
	GlobalSection(ExtensibilityGlobals) = postSolution
		SolutionGuid = {29E084EC-832D-42A4-B876-1A4D43864179}
	EndGlobalSection
EndGlobal
