
Microsoft Visual Studio Solution File, Format Version 12.00
# Visual Studio Version 17
VisualStudioVersion = 17.4.33103.184
MinimumVisualStudioVersion = 10.0.40219.1
Project("{9A19103F-16F7-4668-BE54-9A1E7A4F7556}") = "SimpleLinkedList", "SimpleLinkedList.csproj", "{5F3B4D47-B07F-472C-8343-6234A0EAED22}"
EndProject
Global
	GlobalSection(SolutionConfigurationPlatforms) = preSolution
		Debug|Any CPU = Debug|Any CPU
		Release|Any CPU = Release|Any CPU
	EndGlobalSection
	GlobalSection(ProjectConfigurationPlatforms) = postSolution
		{5F3B4D47-B07F-472C-8343-6234A0EAED22}.Debug|Any CPU.ActiveCfg = Debug|Any CPU
		{5F3B4D47-B07F-472C-8343-6234A0EAED22}.Debug|Any CPU.Build.0 = Debug|Any CPU
		{5F3B4D47-B07F-472C-8343-6234A0EAED22}.Release|Any CPU.ActiveCfg = Release|Any CPU
		{5F3B4D47-B07F-472C-8343-6234A0EAED22}.Release|Any CPU.Build.0 = Release|Any CPU
	EndGlobalSection
	GlobalSection(SolutionProperties) = preSolution
		HideSolutionNode = FALSE
	EndGlobalSection
	GlobalSection(ExtensibilityGlobals) = postSolution
		SolutionGuid = {CF31F67B-A83E-4437-AEAD-59CD21346675}
	EndGlobalSection
EndGlobal
