
Microsoft Visual Studio Solution File, Format Version 12.00
# Visual Studio Version 17
VisualStudioVersion = 17.8.34408.163
MinimumVisualStudioVersion = 10.0.40219.1
Project("{9A19103F-16F7-4668-BE54-9A1E7A4F7556}") = "Transpose", "Transpose.csproj", "{45770A46-A08B-4CB7-88B4-E4475607BCDE}"
EndProject
Global
	GlobalSection(SolutionConfigurationPlatforms) = preSolution
		Debug|Any CPU = Debug|Any CPU
		Release|Any CPU = Release|Any CPU
	EndGlobalSection
	GlobalSection(ProjectConfigurationPlatforms) = postSolution
		{45770A46-A08B-4CB7-88B4-E4475607BCDE}.Debug|Any CPU.ActiveCfg = Debug|Any CPU
		{45770A46-A08B-4CB7-88B4-E4475607BCDE}.Debug|Any CPU.Build.0 = Debug|Any CPU
		{45770A46-A08B-4CB7-88B4-E4475607BCDE}.Release|Any CPU.ActiveCfg = Release|Any CPU
		{45770A46-A08B-4CB7-88B4-E4475607BCDE}.Release|Any CPU.Build.0 = Release|Any CPU
	EndGlobalSection
	GlobalSection(SolutionProperties) = preSolution
		HideSolutionNode = FALSE
	EndGlobalSection
	GlobalSection(ExtensibilityGlobals) = postSolution
		SolutionGuid = {BB9393E2-2E11-4508-A1F3-FB82480325EA}
	EndGlobalSection
EndGlobal
