
Microsoft Visual Studio Solution File, Format Version 12.00
# Visual Studio Version 17
VisualStudioVersion = 17.0.31919.166
MinimumVisualStudioVersion = 10.0.40219.1
Project("{9A19103F-16F7-4668-BE54-9A1E7A4F7556}") = "BeerSong", "BeerSong.csproj", "{FA0DAF4A-865F-404F-AA6F-29D9E9FFE697}"
EndProject
Global
	GlobalSection(SolutionConfigurationPlatforms) = preSolution
		Debug|Any CPU = Debug|Any CPU
		Release|Any CPU = Release|Any CPU
	EndGlobalSection
	GlobalSection(ProjectConfigurationPlatforms) = postSolution
		{FA0DAF4A-865F-404F-AA6F-29D9E9FFE697}.Debug|Any CPU.ActiveCfg = Debug|Any CPU
		{FA0DAF4A-865F-404F-AA6F-29D9E9FFE697}.Debug|Any CPU.Build.0 = Debug|Any CPU
		{FA0DAF4A-865F-404F-AA6F-29D9E9FFE697}.Release|Any CPU.ActiveCfg = Release|Any CPU
		{FA0DAF4A-865F-404F-AA6F-29D9E9FFE697}.Release|Any CPU.Build.0 = Release|Any CPU
	EndGlobalSection
	GlobalSection(SolutionProperties) = preSolution
		HideSolutionNode = FALSE
	EndGlobalSection
	GlobalSection(ExtensibilityGlobals) = postSolution
		SolutionGuid = {38BA2CFD-10C0-41B5-833C-9DBE53373B02}
	EndGlobalSection
EndGlobal
