
Microsoft Visual Studio Solution File, Format Version 12.00
# Visual Studio Version 17
VisualStudioVersion = 17.2.32616.157
MinimumVisualStudioVersion = 10.0.40219.1
Project("{9A19103F-16F7-4668-BE54-9A1E7A4F7556}") = "Hangman", "Hangman.csproj", "{72E44B26-CE98-4EE1-B469-F46048D48484}"
EndProject
Global
	GlobalSection(SolutionConfigurationPlatforms) = preSolution
		Debug|Any CPU = Debug|Any CPU
		Release|Any CPU = Release|Any CPU
	EndGlobalSection
	GlobalSection(ProjectConfigurationPlatforms) = postSolution
		{72E44B26-CE98-4EE1-B469-F46048D48484}.Debug|Any CPU.ActiveCfg = Debug|Any CPU
		{72E44B26-CE98-4EE1-B469-F46048D48484}.Debug|Any CPU.Build.0 = Debug|Any CPU
		{72E44B26-CE98-4EE1-B469-F46048D48484}.Release|Any CPU.ActiveCfg = Release|Any CPU
		{72E44B26-CE98-4EE1-B469-F46048D48484}.Release|Any CPU.Build.0 = Release|Any CPU
	EndGlobalSection
	GlobalSection(SolutionProperties) = preSolution
		HideSolutionNode = FALSE
	EndGlobalSection
	GlobalSection(ExtensibilityGlobals) = postSolution
		SolutionGuid = {7245A075-62F5-408C-923E-F51F45A5674B}
	EndGlobalSection
EndGlobal
