
Microsoft Visual Studio Solution File, Format Version 12.00
# Visual Studio Version 17
VisualStudioVersion = 17.0.31919.166
MinimumVisualStudioVersion = 10.0.40219.1
Project("{9A19103F-16F7-4668-BE54-9A1E7A4F7556}") = "Gigasecond", "Gigasecond.csproj", "{A5DF29D1-0C17-4878-9ED0-B10DE5B03DB4}"
EndProject
Global
	GlobalSection(SolutionConfigurationPlatforms) = preSolution
		Debug|Any CPU = Debug|Any CPU
		Release|Any CPU = Release|Any CPU
	EndGlobalSection
	GlobalSection(ProjectConfigurationPlatforms) = postSolution
		{A5DF29D1-0C17-4878-9ED0-B10DE5B03DB4}.Debug|Any CPU.ActiveCfg = Debug|Any CPU
		{A5DF29D1-0C17-4878-9ED0-B10DE5B03DB4}.Debug|Any CPU.Build.0 = Debug|Any CPU
		{A5DF29D1-0C17-4878-9ED0-B10DE5B03DB4}.Release|Any CPU.ActiveCfg = Release|Any CPU
		{A5DF29D1-0C17-4878-9ED0-B10DE5B03DB4}.Release|Any CPU.Build.0 = Release|Any CPU
	EndGlobalSection
	GlobalSection(SolutionProperties) = preSolution
		HideSolutionNode = FALSE
	EndGlobalSection
	GlobalSection(ExtensibilityGlobals) = postSolution
		SolutionGuid = {8841100B-DEA4-46CE-9266-834ADFC702B1}
	EndGlobalSection
EndGlobal
