
Microsoft Visual Studio Solution File, Format Version 12.00
# Visual Studio Version 17
VisualStudioVersion = 17.2.32616.157
MinimumVisualStudioVersion = 10.0.40219.1
Project("{9A19103F-16F7-4668-BE54-9A1E7A4F7556}") = "Ledger", "Ledger.csproj", "{FA1C762F-FAEC-46F3-9722-6952D36F9AF4}"
EndProject
Global
	GlobalSection(SolutionConfigurationPlatforms) = preSolution
		Debug|Any CPU = Debug|Any CPU
		Release|Any CPU = Release|Any CPU
	EndGlobalSection
	GlobalSection(ProjectConfigurationPlatforms) = postSolution
		{FA1C762F-FAEC-46F3-9722-6952D36F9AF4}.Debug|Any CPU.ActiveCfg = Debug|Any CPU
		{FA1C762F-FAEC-46F3-9722-6952D36F9AF4}.Debug|Any CPU.Build.0 = Debug|Any CPU
		{FA1C762F-FAEC-46F3-9722-6952D36F9AF4}.Release|Any CPU.ActiveCfg = Release|Any CPU
		{FA1C762F-FAEC-46F3-9722-6952D36F9AF4}.Release|Any CPU.Build.0 = Release|Any CPU
	EndGlobalSection
	GlobalSection(SolutionProperties) = preSolution
		HideSolutionNode = FALSE
	EndGlobalSection
	GlobalSection(ExtensibilityGlobals) = postSolution
		SolutionGuid = {C0D01510-85DB-4ECC-BCDB-1AB5DF00C722}
	EndGlobalSection
EndGlobal
