
Microsoft Visual Studio Solution File, Format Version 12.00
# Visual Studio Version 17
VisualStudioVersion = 17.2.32616.157
MinimumVisualStudioVersion = 10.0.40219.1
Project("{9A19103F-16F7-4668-BE54-9A1E7A4F7556}") = "PhoneNumber", "PhoneNumber.csproj", "{DF18F5E7-DF01-4693-BF6E-22747678AE92}"
EndProject
Global
	GlobalSection(SolutionConfigurationPlatforms) = preSolution
		Debug|Any CPU = Debug|Any CPU
		Release|Any CPU = Release|Any CPU
	EndGlobalSection
	GlobalSection(ProjectConfigurationPlatforms) = postSolution
		{DF18F5E7-DF01-4693-BF6E-22747678AE92}.Debug|Any CPU.ActiveCfg = Debug|Any CPU
		{DF18F5E7-DF01-4693-BF6E-22747678AE92}.Debug|Any CPU.Build.0 = Debug|Any CPU
		{DF18F5E7-DF01-4693-BF6E-22747678AE92}.Release|Any CPU.ActiveCfg = Release|Any CPU
		{DF18F5E7-DF01-4693-BF6E-22747678AE92}.Release|Any CPU.Build.0 = Release|Any CPU
	EndGlobalSection
	GlobalSection(SolutionProperties) = preSolution
		HideSolutionNode = FALSE
	EndGlobalSection
	GlobalSection(ExtensibilityGlobals) = postSolution
		SolutionGuid = {58AD3EBF-F0AB-4603-95A2-479A13E24E92}
	EndGlobalSection
EndGlobal
