
Microsoft Visual Studio Solution File, Format Version 12.00
# Visual Studio Version 17
VisualStudioVersion = 17.4.33103.184
MinimumVisualStudioVersion = 10.0.40219.1
Project("{9A19103F-16F7-4668-BE54-9A1E7A4F7556}") = "Diamond", "Diamond.csproj", "{0FB10FAD-CD34-4976-ADCC-904911A32E3A}"
EndProject
Global
	GlobalSection(SolutionConfigurationPlatforms) = preSolution
		Debug|Any CPU = Debug|Any CPU
		Release|Any CPU = Release|Any CPU
	EndGlobalSection
	GlobalSection(ProjectConfigurationPlatforms) = postSolution
		{0FB10FAD-CD34-4976-ADCC-904911A32E3A}.Debug|Any CPU.ActiveCfg = Debug|Any CPU
		{0FB10FAD-CD34-4976-ADCC-904911A32E3A}.Debug|Any CPU.Build.0 = Debug|Any CPU
		{0FB10FAD-CD34-4976-ADCC-904911A32E3A}.Release|Any CPU.ActiveCfg = Release|Any CPU
		{0FB10FAD-CD34-4976-ADCC-904911A32E3A}.Release|Any CPU.Build.0 = Release|Any CPU
	EndGlobalSection
	GlobalSection(SolutionProperties) = preSolution
		HideSolutionNode = FALSE
	EndGlobalSection
	GlobalSection(ExtensibilityGlobals) = postSolution
		SolutionGuid = {5FB1F253-1E41-412D-9EC1-CB419D38878A}
	EndGlobalSection
EndGlobal
