
Microsoft Visual Studio Solution File, Format Version 12.00
# Visual Studio Version 17
VisualStudioVersion = 17.2.32616.157
MinimumVisualStudioVersion = 10.0.40219.1
Project("{9A19103F-16F7-4668-BE54-9A1E7A4F7556}") = "SecureMunchesterUnited", "SecureMunchesterUnited.csproj", "{B6D1C3D1-C3FB-409B-8098-2AB2DEF7CEDB}"
EndProject
Global
	GlobalSection(SolutionConfigurationPlatforms) = preSolution
		Debug|Any CPU = Debug|Any CPU
		Release|Any CPU = Release|Any CPU
	EndGlobalSection
	GlobalSection(ProjectConfigurationPlatforms) = postSolution
		{B6D1C3D1-C3FB-409B-8098-2AB2DEF7CEDB}.Debug|Any CPU.ActiveCfg = Debug|Any CPU
		{B6D1C3D1-C3FB-409B-8098-2AB2DEF7CEDB}.Debug|Any CPU.Build.0 = Debug|Any CPU
		{B6D1C3D1-C3FB-409B-8098-2AB2DEF7CEDB}.Release|Any CPU.ActiveCfg = Release|Any CPU
		{B6D1C3D1-C3FB-409B-8098-2AB2DEF7CEDB}.Release|Any CPU.Build.0 = Release|Any CPU
	EndGlobalSection
	GlobalSection(SolutionProperties) = preSolution
		HideSolutionNode = FALSE
	EndGlobalSection
	GlobalSection(ExtensibilityGlobals) = postSolution
		SolutionGuid = {F7B4A9FA-CF19-4187-8599-ABDDBB694161}
	EndGlobalSection
EndGlobal
