
Microsoft Visual Studio Solution File, Format Version 12.00
# Visual Studio Version 17
VisualStudioVersion = 17.2.32616.157
MinimumVisualStudioVersion = 10.0.40219.1
Project("{9A19103F-16F7-4668-BE54-9A1E7A4F7556}") = "WizardsAndWarriors2", "WizardsAndWarriors2.csproj", "{50416910-3525-4864-A457-AE6079511036}"
EndProject
Global
	GlobalSection(SolutionConfigurationPlatforms) = preSolution
		Debug|Any CPU = Debug|Any CPU
		Release|Any CPU = Release|Any CPU
	EndGlobalSection
	GlobalSection(ProjectConfigurationPlatforms) = postSolution
		{50416910-3525-4864-A457-AE6079511036}.Debug|Any CPU.ActiveCfg = Debug|Any CPU
		{50416910-3525-4864-A457-AE6079511036}.Debug|Any CPU.Build.0 = Debug|Any CPU
		{50416910-3525-4864-A457-AE6079511036}.Release|Any CPU.ActiveCfg = Release|Any CPU
		{50416910-3525-4864-A457-AE6079511036}.Release|Any CPU.Build.0 = Release|Any CPU
	EndGlobalSection
	GlobalSection(SolutionProperties) = preSolution
		HideSolutionNode = FALSE
	EndGlobalSection
	GlobalSection(ExtensibilityGlobals) = postSolution
		SolutionGuid = {24A04719-D0B0-4632-9034-730E7AD8D53E}
	EndGlobalSection
EndGlobal
