
Microsoft Visual Studio Solution File, Format Version 12.00
# Visual Studio Version 17
VisualStudioVersion = 17.0.31919.166
MinimumVisualStudioVersion = 10.0.40219.1
Project("{9A19103F-16F7-4668-BE54-9A1E7A4F7556}") = "TwoFer", "TwoFer.csproj", "{615C4AB4-430F-4E5F-96CF-9BCA25210E96}"
EndProject
Global
	GlobalSection(SolutionConfigurationPlatforms) = preSolution
		Debug|Any CPU = Debug|Any CPU
		Release|Any CPU = Release|Any CPU
	EndGlobalSection
	GlobalSection(ProjectConfigurationPlatforms) = postSolution
		{615C4AB4-430F-4E5F-96CF-9BCA25210E96}.Debug|Any CPU.ActiveCfg = Debug|Any CPU
		{615C4AB4-430F-4E5F-96CF-9BCA25210E96}.Debug|Any CPU.Build.0 = Debug|Any CPU
		{615C4AB4-430F-4E5F-96CF-9BCA25210E96}.Release|Any CPU.ActiveCfg = Release|Any CPU
		{615C4AB4-430F-4E5F-96CF-9BCA25210E96}.Release|Any CPU.Build.0 = Release|Any CPU
	EndGlobalSection
	GlobalSection(SolutionProperties) = preSolution
		HideSolutionNode = FALSE
	EndGlobalSection
	GlobalSection(ExtensibilityGlobals) = postSolution
		SolutionGuid = {01334509-2842-44DE-AE6B-55CAAF539E29}
	EndGlobalSection
EndGlobal
