
Microsoft Visual Studio Solution File, Format Version 12.00
# Visual Studio Version 17
VisualStudioVersion = 17.2.32616.157
MinimumVisualStudioVersion = 10.0.40219.1
Project("{9A19103F-16F7-4668-BE54-9A1E7A4F7556}") = "Meetup", "Meetup.csproj", "{BC7479C6-926D-4C20-AD7B-F0713AD6519E}"
EndProject
Global
	GlobalSection(SolutionConfigurationPlatforms) = preSolution
		Debug|Any CPU = Debug|Any CPU
		Release|Any CPU = Release|Any CPU
	EndGlobalSection
	GlobalSection(ProjectConfigurationPlatforms) = postSolution
		{BC7479C6-926D-4C20-AD7B-F0713AD6519E}.Debug|Any CPU.ActiveCfg = Debug|Any CPU
		{BC7479C6-926D-4C20-AD7B-F0713AD6519E}.Debug|Any CPU.Build.0 = Debug|Any CPU
		{BC7479C6-926D-4C20-AD7B-F0713AD6519E}.Release|Any CPU.ActiveCfg = Release|Any CPU
		{BC7479C6-926D-4C20-AD7B-F0713AD6519E}.Release|Any CPU.Build.0 = Release|Any CPU
	EndGlobalSection
	GlobalSection(SolutionProperties) = preSolution
		HideSolutionNode = FALSE
	EndGlobalSection
	GlobalSection(ExtensibilityGlobals) = postSolution
		SolutionGuid = {F699E8AB-574D-4445-82F8-F6F16407FCB8}
	EndGlobalSection
EndGlobal
