
Microsoft Visual Studio Solution File, Format Version 12.00
# Visual Studio Version 17
VisualStudioVersion = 17.2.32616.157
MinimumVisualStudioVersion = 10.0.40219.1
Project("{9A19103F-16F7-4668-BE54-9A1E7A4F7556}") = "Sieve", "Sieve.csproj", "{C1171499-1431-4601-9ABE-8E04BDAE6955}"
EndProject
Global
	GlobalSection(SolutionConfigurationPlatforms) = preSolution
		Debug|Any CPU = Debug|Any CPU
		Release|Any CPU = Release|Any CPU
	EndGlobalSection
	GlobalSection(ProjectConfigurationPlatforms) = postSolution
		{C1171499-1431-4601-9ABE-8E04BDAE6955}.Debug|Any CPU.ActiveCfg = Debug|Any CPU
		{C1171499-1431-4601-9ABE-8E04BDAE6955}.Debug|Any CPU.Build.0 = Debug|Any CPU
		{C1171499-1431-4601-9ABE-8E04BDAE6955}.Release|Any CPU.ActiveCfg = Release|Any CPU
		{C1171499-1431-4601-9ABE-8E04BDAE6955}.Release|Any CPU.Build.0 = Release|Any CPU
	EndGlobalSection
	GlobalSection(SolutionProperties) = preSolution
		HideSolutionNode = FALSE
	EndGlobalSection
	GlobalSection(ExtensibilityGlobals) = postSolution
		SolutionGuid = {A831FEE3-F2B1-4210-A0ED-3180D3C25F2F}
	EndGlobalSection
EndGlobal
