
Microsoft Visual Studio Solution File, Format Version 12.00
# Visual Studio Version 17
VisualStudioVersion = 17.0.31919.166
MinimumVisualStudioVersion = 10.0.40219.1
Project("{9A19103F-16F7-4668-BE54-9A1E7A4F7556}") = "LogAnalysis", "LogAnalysis.csproj", "{76D04BC4-458A-4555-8AE1-343CC41826E3}"
EndProject
Global
	GlobalSection(SolutionConfigurationPlatforms) = preSolution
		Debug|Any CPU = Debug|Any CPU
		Release|Any CPU = Release|Any CPU
	EndGlobalSection
	GlobalSection(ProjectConfigurationPlatforms) = postSolution
		{76D04BC4-458A-4555-8AE1-343CC41826E3}.Debug|Any CPU.ActiveCfg = Debug|Any CPU
		{76D04BC4-458A-4555-8AE1-343CC41826E3}.Debug|Any CPU.Build.0 = Debug|Any CPU
		{76D04BC4-458A-4555-8AE1-343CC41826E3}.Release|Any CPU.ActiveCfg = Release|Any CPU
		{76D04BC4-458A-4555-8AE1-343CC41826E3}.Release|Any CPU.Build.0 = Release|Any CPU
	EndGlobalSection
	GlobalSection(SolutionProperties) = preSolution
		HideSolutionNode = FALSE
	EndGlobalSection
	GlobalSection(ExtensibilityGlobals) = postSolution
		SolutionGuid = {433B858C-46D9-40CE-8AC5-27E8255FCDDC}
	EndGlobalSection
EndGlobal
